Microsoft Visual Studio Solution File, Format Version 12.00
# Visual Studio 2012
Project("{FAE04EC0-301F-11D3-BF4B-00C04F79EFBC}") = "ShovelJam", "ShovelJam.csproj", "{7A8B48D1-B77A-4B2B-8E50-D5CED58B395E}"
EndProject
Global
	GlobalSection(SolutionConfigurationPlatforms) = preSolution
	Debug|Any CPU = Debug|Any CPU
	ExportDebug|Any CPU = ExportDebug|Any CPU
	ExportRelease|Any CPU = ExportRelease|Any CPU
	EndGlobalSection
	GlobalSection(ProjectConfigurationPlatforms) = postSolution
		{7A8B48D1-B77A-4B2B-8E50-D5CED58B395E}.Debug|Any CPU.ActiveCfg = Debug|Any CPU
		{7A8B48D1-B77A-4B2B-8E50-D5CED58B395E}.Debug|Any CPU.Build.0 = Debug|Any CPU
		{7A8B48D1-B77A-4B2B-8E50-D5CED58B395E}.ExportDebug|Any CPU.ActiveCfg = ExportDebug|Any CPU
		{7A8B48D1-B77A-4B2B-8E50-D5CED58B395E}.ExportDebug|Any CPU.Build.0 = ExportDebug|Any CPU
		{7A8B48D1-B77A-4B2B-8E50-D5CED58B395E}.ExportRelease|Any CPU.ActiveCfg = ExportRelease|Any CPU
		{7A8B48D1-B77A-4B2B-8E50-D5CED58B395E}.ExportRelease|Any CPU.Build.0 = ExportRelease|Any CPU
	EndGlobalSection
EndGlobal
